
Microsoft Visual Studio Solution File, Format Version 12.00
# Visual Studio Version 16
VisualStudioVersion = 16.6.30114.105
MinimumVisualStudioVersion = 10.0.40219.1
Project("{FAE04EC0-301F-11D3-BF4B-00C04F79EFBC}") = "UmbracoExamine.PDF", "UmbracoExamine.PDF\UmbracoExamine.PDF.csproj", "{8CB1EDBC-B12C-4090-A510-F6FEA5B2EEAE}"
EndProject
Project("{FAE04EC0-301F-11D3-BF4B-00C04F79EFBC}") = "UmbracoExamine.PDF.Tests", "UmbracoExamine.PDF.Tests\UmbracoExamine.PDF.Tests.csproj", "{6F8BD850-84E3-42F5-9213-9C1F5A309AAC}"
EndProject
Project("{FAE04EC0-301F-11D3-BF4B-00C04F79EFBC}") = "UmbracoExamine.PDF.Testsite", "UmbracoExamine-PDF.TestSite\UmbracoExamine.PDF.Testsite.csproj", "{5526679C-9A65-4383-BEF9-EDBE356F5B8B}"
EndProject
Global
	GlobalSection(SolutionConfigurationPlatforms) = preSolution
		Debug|Any CPU = Debug|Any CPU
		Debug|x64 = Debug|x64
		Debug|x86 = Debug|x86
		Release|Any CPU = Release|Any CPU
		Release|x64 = Release|x64
		Release|x86 = Release|x86
	EndGlobalSection
	GlobalSection(SolutionProperties) = preSolution
		HideSolutionNode = FALSE
	EndGlobalSection
	GlobalSection(ProjectConfigurationPlatforms) = postSolution
		{8CB1EDBC-B12C-4090-A510-F6FEA5B2EEAE}.Debug|Any CPU.ActiveCfg = Debug|Any CPU
		{8CB1EDBC-B12C-4090-A510-F6FEA5B2EEAE}.Debug|Any CPU.Build.0 = Debug|Any CPU
		{8CB1EDBC-B12C-4090-A510-F6FEA5B2EEAE}.Debug|x64.ActiveCfg = Debug|Any CPU
		{8CB1EDBC-B12C-4090-A510-F6FEA5B2EEAE}.Debug|x64.Build.0 = Debug|Any CPU
		{8CB1EDBC-B12C-4090-A510-F6FEA5B2EEAE}.Debug|x86.ActiveCfg = Debug|Any CPU
		{8CB1EDBC-B12C-4090-A510-F6FEA5B2EEAE}.Debug|x86.Build.0 = Debug|Any CPU
		{8CB1EDBC-B12C-4090-A510-F6FEA5B2EEAE}.Release|Any CPU.ActiveCfg = Release|Any CPU
		{8CB1EDBC-B12C-4090-A510-F6FEA5B2EEAE}.Release|Any CPU.Build.0 = Release|Any CPU
		{8CB1EDBC-B12C-4090-A510-F6FEA5B2EEAE}.Release|x64.ActiveCfg = Release|Any CPU
		{8CB1EDBC-B12C-4090-A510-F6FEA5B2EEAE}.Release|x64.Build.0 = Release|Any CPU
		{8CB1EDBC-B12C-4090-A510-F6FEA5B2EEAE}.Release|x86.ActiveCfg = Release|Any CPU
		{8CB1EDBC-B12C-4090-A510-F6FEA5B2EEAE}.Release|x86.Build.0 = Release|Any CPU
		{6F8BD850-84E3-42F5-9213-9C1F5A309AAC}.Debug|Any CPU.ActiveCfg = Debug|Any CPU
		{6F8BD850-84E3-42F5-9213-9C1F5A309AAC}.Debug|Any CPU.Build.0 = Debug|Any CPU
		{6F8BD850-84E3-42F5-9213-9C1F5A309AAC}.Debug|x64.ActiveCfg = Debug|Any CPU
		{6F8BD850-84E3-42F5-9213-9C1F5A309AAC}.Debug|x64.Build.0 = Debug|Any CPU
		{6F8BD850-84E3-42F5-9213-9C1F5A309AAC}.Debug|x86.ActiveCfg = Debug|Any CPU
		{6F8BD850-84E3-42F5-9213-9C1F5A309AAC}.Debug|x86.Build.0 = Debug|Any CPU
		{6F8BD850-84E3-42F5-9213-9C1F5A309AAC}.Release|Any CPU.ActiveCfg = Release|Any CPU
		{6F8BD850-84E3-42F5-9213-9C1F5A309AAC}.Release|Any CPU.Build.0 = Release|Any CPU
		{6F8BD850-84E3-42F5-9213-9C1F5A309AAC}.Release|x64.ActiveCfg = Release|Any CPU
		{6F8BD850-84E3-42F5-9213-9C1F5A309AAC}.Release|x64.Build.0 = Release|Any CPU
		{6F8BD850-84E3-42F5-9213-9C1F5A309AAC}.Release|x86.ActiveCfg = Release|Any CPU
		{6F8BD850-84E3-42F5-9213-9C1F5A309AAC}.Release|x86.Build.0 = Release|Any CPU
		{5526679C-9A65-4383-BEF9-EDBE356F5B8B}.Debug|Any CPU.ActiveCfg = Debug|Any CPU
		{5526679C-9A65-4383-BEF9-EDBE356F5B8B}.Debug|Any CPU.Build.0 = Debug|Any CPU
		{5526679C-9A65-4383-BEF9-EDBE356F5B8B}.Debug|x64.ActiveCfg = Debug|Any CPU
		{5526679C-9A65-4383-BEF9-EDBE356F5B8B}.Debug|x64.Build.0 = Debug|Any CPU
		{5526679C-9A65-4383-BEF9-EDBE356F5B8B}.Debug|x86.ActiveCfg = Debug|Any CPU
		{5526679C-9A65-4383-BEF9-EDBE356F5B8B}.Debug|x86.Build.0 = Debug|Any CPU
		{5526679C-9A65-4383-BEF9-EDBE356F5B8B}.Release|Any CPU.ActiveCfg = Release|Any CPU
		{5526679C-9A65-4383-BEF9-EDBE356F5B8B}.Release|Any CPU.Build.0 = Release|Any CPU
		{5526679C-9A65-4383-BEF9-EDBE356F5B8B}.Release|x64.ActiveCfg = Release|Any CPU
		{5526679C-9A65-4383-BEF9-EDBE356F5B8B}.Release|x64.Build.0 = Release|Any CPU
		{5526679C-9A65-4383-BEF9-EDBE356F5B8B}.Release|x86.ActiveCfg = Release|Any CPU
		{5526679C-9A65-4383-BEF9-EDBE356F5B8B}.Release|x86.Build.0 = Release|Any CPU
	EndGlobalSection
EndGlobal
